
Microsoft Visual Studio Solution File, Format Version 12.00
# Visual Studio Version 16
VisualStudioVersion = 16.0.29123.89
MinimumVisualStudioVersion = 10.0.40219.1
Project("{9A19103F-16F7-4668-BE54-9A1E7A4F7556}") = "Net.Code.ADONet", "Net.Code.ADONet\Net.Code.ADONet.csproj", "{F0B49F95-0B64-4FCE-AE4D-D9CE2A48A4F1}"
EndProject
Project("{9A19103F-16F7-4668-BE54-9A1E7A4F7556}") = "Net.Code.ADONet.Tests.Unit", "Net.Code.ADONet.Tests.Unit\Net.Code.ADONet.Tests.Unit.csproj", "{9A8A8275-F7B1-421C-BA48-97E399D13A8F}"
EndProject
Project("{9A19103F-16F7-4668-BE54-9A1E7A4F7556}") = "Net.Code.ADONet.Tests.Integration", "Net.Code.ADONet.Tests.Integration\Net.Code.ADONet.Tests.Integration.csproj", "{B912550C-A54D-46A9-BC22-A19AA87F2D3B}"
EndProject
Project("{2150E333-8FDC-42A3-9474-1A3956D46DE8}") = "SingleFile", "SingleFile", "{7652278A-5E4A-4E5D-8FE4-9BFA988A571E}"
	ProjectSection(SolutionItems) = preProject
		Net.Code.ADONet.SingleFile\join.cmd = Net.Code.ADONet.SingleFile\join.cmd
	EndProjectSection
EndProject
Project("{9A19103F-16F7-4668-BE54-9A1E7A4F7556}") = "Db.NetFx", "Net.Code.ADONet.SingleFile\netfx\Db.NetFx.csproj", "{8AC34B5E-F174-4FC3-96BF-092913F5811A}"
EndProject
Project("{9A19103F-16F7-4668-BE54-9A1E7A4F7556}") = "Db.NetStandard", "Net.Code.ADONet.SingleFile\netstandard\Db.NetStandard.csproj", "{644CAAFB-DF03-4CA8-96D7-725F0E31332F}"
EndProject
Project("{2150E333-8FDC-42A3-9474-1A3956D46DE8}") = "samples", "samples", "{459081E4-A8C4-4914-8C83-F4EF5BD1F993}"
EndProject
Project("{9A19103F-16F7-4668-BE54-9A1E7A4F7556}") = "NetCoreSampleApp", "samples\NetCoreSampleApp\NetCoreSampleApp.csproj", "{EA8243C9-5108-4272-A6D5-1C74A5CDD504}"
EndProject
Project("{2150E333-8FDC-42A3-9474-1A3956D46DE8}") = "Solution Items", "Solution Items", "{73BB3183-A238-4473-AB47-55ED94E72855}"
	ProjectSection(SolutionItems) = preProject
		azure-pipelines.yml = azure-pipelines.yml
		ci-build.yml = ci-build.yml
	EndProjectSection
EndProject
Project("{2150E333-8FDC-42A3-9474-1A3956D46DE8}") = "github workflows", "github workflows", "{46F3C7FC-D1C9-463D-B7F0-3B39BA1ED5FE}"
	ProjectSection(SolutionItems) = preProject
		.github\workflows\buildandtest.yml = .github\workflows\buildandtest.yml
	EndProjectSection
EndProject
Global
	GlobalSection(SolutionConfigurationPlatforms) = preSolution
		Debug|Any CPU = Debug|Any CPU
		Debug|x64 = Debug|x64
		Debug|x86 = Debug|x86
		Release|Any CPU = Release|Any CPU
		Release|x64 = Release|x64
		Release|x86 = Release|x86
	EndGlobalSection
	GlobalSection(ProjectConfigurationPlatforms) = postSolution
		{F0B49F95-0B64-4FCE-AE4D-D9CE2A48A4F1}.Debug|Any CPU.ActiveCfg = Debug|Any CPU
		{F0B49F95-0B64-4FCE-AE4D-D9CE2A48A4F1}.Debug|Any CPU.Build.0 = Debug|Any CPU
		{F0B49F95-0B64-4FCE-AE4D-D9CE2A48A4F1}.Debug|x64.ActiveCfg = Debug|Any CPU
		{F0B49F95-0B64-4FCE-AE4D-D9CE2A48A4F1}.Debug|x64.Build.0 = Debug|Any CPU
		{F0B49F95-0B64-4FCE-AE4D-D9CE2A48A4F1}.Debug|x86.ActiveCfg = Debug|Any CPU
		{F0B49F95-0B64-4FCE-AE4D-D9CE2A48A4F1}.Debug|x86.Build.0 = Debug|Any CPU
		{F0B49F95-0B64-4FCE-AE4D-D9CE2A48A4F1}.Release|Any CPU.ActiveCfg = Release|Any CPU
		{F0B49F95-0B64-4FCE-AE4D-D9CE2A48A4F1}.Release|Any CPU.Build.0 = Release|Any CPU
		{F0B49F95-0B64-4FCE-AE4D-D9CE2A48A4F1}.Release|x64.ActiveCfg = Release|Any CPU
		{F0B49F95-0B64-4FCE-AE4D-D9CE2A48A4F1}.Release|x64.Build.0 = Release|Any CPU
		{F0B49F95-0B64-4FCE-AE4D-D9CE2A48A4F1}.Release|x86.ActiveCfg = Release|Any CPU
		{F0B49F95-0B64-4FCE-AE4D-D9CE2A48A4F1}.Release|x86.Build.0 = Release|Any CPU
		{9A8A8275-F7B1-421C-BA48-97E399D13A8F}.Debug|Any CPU.ActiveCfg = Debug|Any CPU
		{9A8A8275-F7B1-421C-BA48-97E399D13A8F}.Debug|Any CPU.Build.0 = Debug|Any CPU
		{9A8A8275-F7B1-421C-BA48-97E399D13A8F}.Debug|x64.ActiveCfg = Debug|Any CPU
		{9A8A8275-F7B1-421C-BA48-97E399D13A8F}.Debug|x64.Build.0 = Debug|Any CPU
		{9A8A8275-F7B1-421C-BA48-97E399D13A8F}.Debug|x86.ActiveCfg = Debug|Any CPU
		{9A8A8275-F7B1-421C-BA48-97E399D13A8F}.Debug|x86.Build.0 = Debug|Any CPU
		{9A8A8275-F7B1-421C-BA48-97E399D13A8F}.Release|Any CPU.ActiveCfg = Release|Any CPU
		{9A8A8275-F7B1-421C-BA48-97E399D13A8F}.Release|Any CPU.Build.0 = Release|Any CPU
		{9A8A8275-F7B1-421C-BA48-97E399D13A8F}.Release|x64.ActiveCfg = Release|Any CPU
		{9A8A8275-F7B1-421C-BA48-97E399D13A8F}.Release|x64.Build.0 = Release|Any CPU
		{9A8A8275-F7B1-421C-BA48-97E399D13A8F}.Release|x86.ActiveCfg = Release|Any CPU
		{9A8A8275-F7B1-421C-BA48-97E399D13A8F}.Release|x86.Build.0 = Release|Any CPU
		{B912550C-A54D-46A9-BC22-A19AA87F2D3B}.Debug|Any CPU.ActiveCfg = Debug|Any CPU
		{B912550C-A54D-46A9-BC22-A19AA87F2D3B}.Debug|Any CPU.Build.0 = Debug|Any CPU
		{B912550C-A54D-46A9-BC22-A19AA87F2D3B}.Debug|x64.ActiveCfg = Debug|Any CPU
		{B912550C-A54D-46A9-BC22-A19AA87F2D3B}.Debug|x64.Build.0 = Debug|Any CPU
		{B912550C-A54D-46A9-BC22-A19AA87F2D3B}.Debug|x86.ActiveCfg = Debug|Any CPU
		{B912550C-A54D-46A9-BC22-A19AA87F2D3B}.Debug|x86.Build.0 = Debug|Any CPU
		{B912550C-A54D-46A9-BC22-A19AA87F2D3B}.Release|Any CPU.ActiveCfg = Release|Any CPU
		{B912550C-A54D-46A9-BC22-A19AA87F2D3B}.Release|Any CPU.Build.0 = Release|Any CPU
		{B912550C-A54D-46A9-BC22-A19AA87F2D3B}.Release|x64.ActiveCfg = Release|Any CPU
		{B912550C-A54D-46A9-BC22-A19AA87F2D3B}.Release|x64.Build.0 = Release|Any CPU
		{B912550C-A54D-46A9-BC22-A19AA87F2D3B}.Release|x86.ActiveCfg = Release|Any CPU
		{B912550C-A54D-46A9-BC22-A19AA87F2D3B}.Release|x86.Build.0 = Release|Any CPU
		{8AC34B5E-F174-4FC3-96BF-092913F5811A}.Debug|Any CPU.ActiveCfg = Debug|Any CPU
		{8AC34B5E-F174-4FC3-96BF-092913F5811A}.Debug|Any CPU.Build.0 = Debug|Any CPU
		{8AC34B5E-F174-4FC3-96BF-092913F5811A}.Debug|x64.ActiveCfg = Debug|Any CPU
		{8AC34B5E-F174-4FC3-96BF-092913F5811A}.Debug|x64.Build.0 = Debug|Any CPU
		{8AC34B5E-F174-4FC3-96BF-092913F5811A}.Debug|x86.ActiveCfg = Debug|Any CPU
		{8AC34B5E-F174-4FC3-96BF-092913F5811A}.Debug|x86.Build.0 = Debug|Any CPU
		{8AC34B5E-F174-4FC3-96BF-092913F5811A}.Release|Any CPU.ActiveCfg = Release|Any CPU
		{8AC34B5E-F174-4FC3-96BF-092913F5811A}.Release|Any CPU.Build.0 = Release|Any CPU
		{8AC34B5E-F174-4FC3-96BF-092913F5811A}.Release|x64.ActiveCfg = Release|Any CPU
		{8AC34B5E-F174-4FC3-96BF-092913F5811A}.Release|x64.Build.0 = Release|Any CPU
		{8AC34B5E-F174-4FC3-96BF-092913F5811A}.Release|x86.ActiveCfg = Release|Any CPU
		{8AC34B5E-F174-4FC3-96BF-092913F5811A}.Release|x86.Build.0 = Release|Any CPU
		{644CAAFB-DF03-4CA8-96D7-725F0E31332F}.Debug|Any CPU.ActiveCfg = Debug|Any CPU
		{644CAAFB-DF03-4CA8-96D7-725F0E31332F}.Debug|Any CPU.Build.0 = Debug|Any CPU
		{644CAAFB-DF03-4CA8-96D7-725F0E31332F}.Debug|x64.ActiveCfg = Debug|Any CPU
		{644CAAFB-DF03-4CA8-96D7-725F0E31332F}.Debug|x64.Build.0 = Debug|Any CPU
		{644CAAFB-DF03-4CA8-96D7-725F0E31332F}.Debug|x86.ActiveCfg = Debug|Any CPU
		{644CAAFB-DF03-4CA8-96D7-725F0E31332F}.Debug|x86.Build.0 = Debug|Any CPU
		{644CAAFB-DF03-4CA8-96D7-725F0E31332F}.Release|Any CPU.ActiveCfg = Release|Any CPU
		{644CAAFB-DF03-4CA8-96D7-725F0E31332F}.Release|Any CPU.Build.0 = Release|Any CPU
		{644CAAFB-DF03-4CA8-96D7-725F0E31332F}.Release|x64.ActiveCfg = Release|Any CPU
		{644CAAFB-DF03-4CA8-96D7-725F0E31332F}.Release|x64.Build.0 = Release|Any CPU
		{644CAAFB-DF03-4CA8-96D7-725F0E31332F}.Release|x86.ActiveCfg = Release|Any CPU
		{644CAAFB-DF03-4CA8-96D7-725F0E31332F}.Release|x86.Build.0 = Release|Any CPU
		{EA8243C9-5108-4272-A6D5-1C74A5CDD504}.Debug|Any CPU.ActiveCfg = Debug|Any CPU
		{EA8243C9-5108-4272-A6D5-1C74A5CDD504}.Debug|Any CPU.Build.0 = Debug|Any CPU
		{EA8243C9-5108-4272-A6D5-1C74A5CDD504}.Debug|x64.ActiveCfg = Debug|Any CPU
		{EA8243C9-5108-4272-A6D5-1C74A5CDD504}.Debug|x64.Build.0 = Debug|Any CPU
		{EA8243C9-5108-4272-A6D5-1C74A5CDD504}.Debug|x86.ActiveCfg = Debug|Any CPU
		{EA8243C9-5108-4272-A6D5-1C74A5CDD504}.Debug|x86.Build.0 = Debug|Any CPU
		{EA8243C9-5108-4272-A6D5-1C74A5CDD504}.Release|Any CPU.ActiveCfg = Release|Any CPU
		{EA8243C9-5108-4272-A6D5-1C74A5CDD504}.Release|Any CPU.Build.0 = Release|Any CPU
		{EA8243C9-5108-4272-A6D5-1C74A5CDD504}.Release|x64.ActiveCfg = Release|Any CPU
		{EA8243C9-5108-4272-A6D5-1C74A5CDD504}.Release|x64.Build.0 = Release|Any CPU
		{EA8243C9-5108-4272-A6D5-1C74A5CDD504}.Release|x86.ActiveCfg = Release|Any CPU
		{EA8243C9-5108-4272-A6D5-1C74A5CDD504}.Release|x86.Build.0 = Release|Any CPU
	EndGlobalSection
	GlobalSection(SolutionProperties) = preSolution
		HideSolutionNode = FALSE
	EndGlobalSection
	GlobalSection(NestedProjects) = preSolution
		{8AC34B5E-F174-4FC3-96BF-092913F5811A} = {7652278A-5E4A-4E5D-8FE4-9BFA988A571E}
		{644CAAFB-DF03-4CA8-96D7-725F0E31332F} = {7652278A-5E4A-4E5D-8FE4-9BFA988A571E}
		{EA8243C9-5108-4272-A6D5-1C74A5CDD504} = {459081E4-A8C4-4914-8C83-F4EF5BD1F993}
		{46F3C7FC-D1C9-463D-B7F0-3B39BA1ED5FE} = {73BB3183-A238-4473-AB47-55ED94E72855}
	EndGlobalSection
	GlobalSection(ExtensibilityGlobals) = postSolution
		SolutionGuid = {F967B379-BBF8-42FB-953F-6EDD123CE6C6}
	EndGlobalSection
EndGlobal
